# This file is automatically @generated by Cargo.
# It is not intended for manual editing.
version = 4

[[package]]
name = "ferrite-fixtures"
version = "0.1.0"

[[package]]
name = "ferrite-inference"
version = "0.1.0"
dependencies = [
 "ferrite-fixtures",
 "ferrite-model",
]

[[package]]
name = "ferrite-model"
version = "0.1.0"
